
Microsoft Visual Studio Solution File, Format Version 12.00
# Visual Studio 15
Project("{FAE04EC0-301F-11D3-BF4B-00C04F79EFBC}") = "Hack Moscow", "Hack Moscow.csproj", "{C14B3F15-1EEC-4C02-EE59-852D0C66B53F}"
EndProject
Project("{FAE04EC0-301F-11D3-BF4B-00C04F79EFBC}") = "Hack Moscow.Editor", "Hack Moscow.Editor.csproj", "{50C7A3E3-566C-785B-5603-7F2F26747397}"
EndProject
Global
	GlobalSection(SolutionConfigurationPlatforms) = preSolution
		Debug|Any CPU = Debug|Any CPU
		Release|Any CPU = Release|Any CPU
	EndGlobalSection
	GlobalSection(ProjectConfigurationPlatforms) = postSolution
		{C14B3F15-1EEC-4C02-EE59-852D0C66B53F}.Debug|Any CPU.ActiveCfg = Debug|Any CPU
		{C14B3F15-1EEC-4C02-EE59-852D0C66B53F}.Debug|Any CPU.Build.0 = Debug|Any CPU
		{C14B3F15-1EEC-4C02-EE59-852D0C66B53F}.Release|Any CPU.ActiveCfg = Release|Any CPU
		{C14B3F15-1EEC-4C02-EE59-852D0C66B53F}.Release|Any CPU.Build.0 = Release|Any CPU
		{50C7A3E3-566C-785B-5603-7F2F26747397}.Debug|Any CPU.ActiveCfg = Debug|Any CPU
		{50C7A3E3-566C-785B-5603-7F2F26747397}.Debug|Any CPU.Build.0 = Debug|Any CPU
		{50C7A3E3-566C-785B-5603-7F2F26747397}.Release|Any CPU.ActiveCfg = Release|Any CPU
		{50C7A3E3-566C-785B-5603-7F2F26747397}.Release|Any CPU.Build.0 = Release|Any CPU
	EndGlobalSection
	GlobalSection(SolutionProperties) = preSolution
		HideSolutionNode = FALSE
	EndGlobalSection
EndGlobal
